# THIS IS AN AUTOGENERATED FILE. DO NOT EDIT THIS FILE DIRECTLY.
# yarn lockfile v1


lodash-es@^4.17.11:
  version "4.17.11"
  resolved "https://registry.yarnpkg.com/lodash-es/-/lodash-es-4.17.11.tgz#145ab4a7ac5c5e52a3531fb4f310255a152b4be0"
  integrity sha512-DHb1ub+rMjjrxqlB3H56/6MXtm1lSksDp2rA2cNWjG8mlDUYFhUj3Di2Zn5IwSU87xLv8tNIQ7sSwE/YOX/D/Q==

luxon@^1.4.3:
  version "1.4.3"
  resolved "https://registry.yarnpkg.com/luxon/-/luxon-1.4.3.tgz#84614abdeae688af115f2188504f0d890ebb3d7e"
  integrity sha512-hujVJ+Q2RnaIiHKAupwusgpHXYICxzXJNoPkqkGIfmP+lLZWFTD6gEP+URRs/vh5gI1KwfMimVrzM9309RE0tA==

modern-normalize@^0.5.0:
  version "0.5.0"
  resolved "https://registry.yarnpkg.com/modern-normalize/-/modern-normalize-0.5.0.tgz#7f75bb7319c6ae708d716658dc8d9c9760274887"
  integrity sha512-U1geaHG9Grp3a60djDV2JvSVKiDFhuZrhUHoQHusfjtGqbgGunI3HHw7hHtQ2ls2y0et3+Lpcf2hOSS1W8JUdg==

renderjson@^1.4.0:
  version "1.4.0"
  resolved "https://registry.yarnpkg.com/renderjson/-/renderjson-1.4.0.tgz#d944644521ac5ef977ee524a6a05b76a2a945144"
  integrity sha512-R0IZoxjWQP4XMJjLkPjNKSwjDyl20EiLohyu1Os7AvIvO4F4Vtar1N6IjJLPLjDN7OYOXTsqtIVJupQnQMvYQw==

vue@^2.5.17:
  version "2.5.17"
  resolved "https://registry.yarnpkg.com/vue/-/vue-2.5.17.tgz#0f8789ad718be68ca1872629832ed533589c6ada"
  integrity sha512-mFbcWoDIJi0w0Za4emyLiW72Jae0yjANHbCVquMKijcavBGypqlF7zHRgMa5k4sesdv7hv2rB4JPdZfR+TPfhQ==
