# THIS IS AN AUTOGENERATED FILE. DO NOT EDIT THIS FILE DIRECTLY.
# yarn lockfile v1


modern-normalize@^0.5.0:
  version "0.5.0"
  resolved "https://registry.yarnpkg.com/modern-normalize/-/modern-normalize-0.5.0.tgz#7f75bb7319c6ae708d716658dc8d9c9760274887"
  integrity sha512-U1geaHG9Grp3a60djDV2JvSVKiDFhuZrhUHoQHusfjtGqbgGunI3HHw7hHtQ2ls2y0et3+Lpcf2hOSS1W8JUdg==

renderjson@^1.4.0:
  version "1.4.0"
  resolved "https://registry.yarnpkg.com/renderjson/-/renderjson-1.4.0.tgz#d944644521ac5ef977ee524a6a05b76a2a945144"
  integrity sha512-R0IZoxjWQP4XMJjLkPjNKSwjDyl20EiLohyu1Os7AvIvO4F4Vtar1N6IjJLPLjDN7OYOXTsqtIVJupQnQMvYQw==
